
Microsoft Visual Studio Solution File, Format Version 12.00
# Visual Studio Version 16
VisualStudioVersion = 16.0.29215.179
MinimumVisualStudioVersion = 10.0.40219.1
Project("{888888A0-9F3D-457C-B088-3A5042F75D52}") = "Uso del 100 de disco", "Uso del 100 de disco\Uso del 100 de disco.pyproj", "{644FC6F2-C5AB-4F4D-BD7B-F0E178C53405}"
EndProject
Global
	GlobalSection(SolutionConfigurationPlatforms) = preSolution
		Debug|Any CPU = Debug|Any CPU
		Release|Any CPU = Release|Any CPU
	EndGlobalSection
	GlobalSection(ProjectConfigurationPlatforms) = postSolution
		{644FC6F2-C5AB-4F4D-BD7B-F0E178C53405}.Debug|Any CPU.ActiveCfg = Debug|Any CPU
		{644FC6F2-C5AB-4F4D-BD7B-F0E178C53405}.Release|Any CPU.ActiveCfg = Release|Any CPU
	EndGlobalSection
	GlobalSection(SolutionProperties) = preSolution
		HideSolutionNode = FALSE
	EndGlobalSection
	GlobalSection(ExtensibilityGlobals) = postSolution
		SolutionGuid = {F0F5DAB1-16DA-4496-970B-A26709176C67}
	EndGlobalSection
EndGlobal
