
Microsoft Visual Studio Solution File, Format Version 12.00
# Visual Studio Version 16
VisualStudioVersion = 16.0.29215.179
MinimumVisualStudioVersion = 10.0.40219.1
Project("{8BC9CEB8-8B4A-11D0-8D11-00A0C91BC942}") = "Uso del 100 de CPU", "Uso del 100 de CPU\Uso del 100 de CPU.vcxproj", "{B8E04560-557F-4F24-9059-CE28B5F88F66}"
EndProject
Global
	GlobalSection(SolutionConfigurationPlatforms) = preSolution
		Debug|x64 = Debug|x64
		Debug|x86 = Debug|x86
		Release|x64 = Release|x64
		Release|x86 = Release|x86
	EndGlobalSection
	GlobalSection(ProjectConfigurationPlatforms) = postSolution
		{B8E04560-557F-4F24-9059-CE28B5F88F66}.Debug|x64.ActiveCfg = Debug|x64
		{B8E04560-557F-4F24-9059-CE28B5F88F66}.Debug|x64.Build.0 = Debug|x64
		{B8E04560-557F-4F24-9059-CE28B5F88F66}.Debug|x86.ActiveCfg = Debug|Win32
		{B8E04560-557F-4F24-9059-CE28B5F88F66}.Debug|x86.Build.0 = Debug|Win32
		{B8E04560-557F-4F24-9059-CE28B5F88F66}.Release|x64.ActiveCfg = Release|x64
		{B8E04560-557F-4F24-9059-CE28B5F88F66}.Release|x64.Build.0 = Release|x64
		{B8E04560-557F-4F24-9059-CE28B5F88F66}.Release|x86.ActiveCfg = Release|Win32
		{B8E04560-557F-4F24-9059-CE28B5F88F66}.Release|x86.Build.0 = Release|Win32
	EndGlobalSection
	GlobalSection(SolutionProperties) = preSolution
		HideSolutionNode = FALSE
	EndGlobalSection
	GlobalSection(ExtensibilityGlobals) = postSolution
		SolutionGuid = {511F7AF9-189C-4CEB-B692-546360009562}
	EndGlobalSection
EndGlobal
